{
  "version": 4,
  "terraform_version": "0.14.6",
  "serial": 97,
  "lineage": "4e7af8b0-a9fa-966d-760b-caf5039b9778",
  "outputs": {},
  "resources": [
    {
      "mode": "managed",
      "type": "azurerm_subnet",
      "name": "region1-vnet1-snet1",
      "provider": "provider[\"registry.terraform.io/hashicorp/azurerm\"]",
      "instances": [
        {
          "schema_version": 0,
          "attributes": {
            "address_prefix": "10.11.1.0/24",
            "address_prefixes": [
              "10.11.1.0/24"
            ],
            "delegation": [],
            "enforce_private_link_endpoint_network_policies": false,
            "enforce_private_link_service_network_policies": false,
            "id": "/subscriptions/a2d3df79-3372-479d-83b8-7140c9f56b5c/resourceGroups/wvd-baselabv1-region1infra/providers/Microsoft.Network/virtualNetworks/region1-vnet1-main/subnets/region1-vnet1-snet-infra1",
            "name": "region1-vnet1-snet-infra1",
            "resource_group_name": "wvd-baselabv1-region1infra",
            "service_endpoint_policy_ids": null,
            "service_endpoints": null,
            "timeouts": null,
            "virtual_network_name": "region1-vnet1-main"
          },
          "sensitive_attributes": []
        }
      ]
    }
  ]
}
